// !$*UTF8*$!
{
	archiveVersion = 1;
	classes = {
	};
	objectVersion = 48;
	objects = {

/* Begin PBXBuildFile section */
		CE2B80252049C5CA003AD91B /* AppDelegate.swift in Sources */ = {isa = PBXBuildFile; fileRef = CE2B80242049C5CA003AD91B /* AppDelegate.swift */; };
		CE2B80272049C5CA003AD91B /* ViewController.swift in Sources */ = {isa = PBXBuildFile; fileRef = CE2B80262049C5CA003AD91B /* ViewController.swift */; };
		CE2B802A2049C5CA003AD91B /* Main.storyboard in Resources */ = {isa = PBXBuildFile; fileRef = CE2B80282049C5CA003AD91B /* Main.storyboard */; };
		CE2B802D2049C5CA003AD91B /* simulacionApp.xcdatamodeld in Sources */ = {isa = PBXBuildFile; fileRef = CE2B802B2049C5CA003AD91B /* simulacionApp.xcdatamodeld */; };
		CE2B802F2049C5CA003AD91B /* Assets.xcassets in Resources */ = {isa = PBXBuildFile; fileRef = CE2B802E2049C5CA003AD91B /* Assets.xcassets */; };
		CE2B80322049C5CA003AD91B /* LaunchScreen.storyboard in Resources */ = {isa = PBXBuildFile; fileRef = CE2B80302049C5CA003AD91B /* LaunchScreen.storyboard */; };
		CE2B803D2049C5CB003AD91B /* simulacionAppTests.swift in Sources */ = {isa = PBXBuildFile; fileRef = CE2B803C2049C5CB003AD91B /* simulacionAppTests.swift */; };
		CE2B80482049C5CB003AD91B /* simulacionAppUITests.swift in Sources */ = {isa = PBXBuildFile; fileRef = CE2B80472049C5CB003AD91B /* simulacionAppUITests.swift */; };
		CE2B80582049C75A003AD91B /* UserList.plist in Resources */ = {isa = PBXBuildFile; fileRef = CE2B80572049C75A003AD91B /* UserList.plist */; };
		CE2B805B2049C850003AD91B /* Usuarios+CoreDataClass.swift in Sources */ = {isa = PBXBuildFile; fileRef = CE2B80592049C850003AD91B /* Usuarios+CoreDataClass.swift */; };
		CE2B805C2049C850003AD91B /* Usuarios+CoreDataProperties.swift in Sources */ = {isa = PBXBuildFile; fileRef = CE2B805A2049C850003AD91B /* Usuarios+CoreDataProperties.swift */; };
		CE5921862050781100CAF5D6 /* Comida+CoreDataClass.swift in Sources */ = {isa = PBXBuildFile; fileRef = CE5921822050781100CAF5D6 /* Comida+CoreDataClass.swift */; };
		CE5921872050781100CAF5D6 /* Comida+CoreDataProperties.swift in Sources */ = {isa = PBXBuildFile; fileRef = CE5921832050781100CAF5D6 /* Comida+CoreDataProperties.swift */; };
		CE5921882050781100CAF5D6 /* TipoComida+CoreDataClass.swift in Sources */ = {isa = PBXBuildFile; fileRef = CE5921842050781100CAF5D6 /* TipoComida+CoreDataClass.swift */; };
		CE5921892050781100CAF5D6 /* TipoComida+CoreDataProperties.swift in Sources */ = {isa = PBXBuildFile; fileRef = CE5921852050781100CAF5D6 /* TipoComida+CoreDataProperties.swift */; };
		CE59218B20507A0F00CAF5D6 /* ViewController2.swift in Sources */ = {isa = PBXBuildFile; fileRef = CE59218A20507A0F00CAF5D6 /* ViewController2.swift */; };
		CECD04D1205C36DE000DE450 /* ListaTipos.swift in Sources */ = {isa = PBXBuildFile; fileRef = CECD04D0205C36DE000DE450 /* ListaTipos.swift */; };
		CEE942E4205C454500B551F7 /* CellTipo.swift in Sources */ = {isa = PBXBuildFile; fileRef = CEE942E3205C454500B551F7 /* CellTipo.swift */; };
/* End PBXBuildFile section */

/* Begin PBXContainerItemProxy section */
		CE2B80392049C5CB003AD91B /* PBXContainerItemProxy */ = {
			isa = PBXContainerItemProxy;
			containerPortal = CE2B80192049C5CA003AD91B /* Project object */;
			proxyType = 1;
			remoteGlobalIDString = CE2B80202049C5CA003AD91B;
			remoteInfo = simulacionApp;
		};
		CE2B80442049C5CB003AD91B /* PBXContainerItemProxy */ = {
			isa = PBXContainerItemProxy;
			containerPortal = CE2B80192049C5CA003AD91B /* Project object */;
			proxyType = 1;
			remoteGlobalIDString = CE2B80202049C5CA003AD91B;
			remoteInfo = simulacionApp;
		};
/* End PBXContainerItemProxy section */

/* Begin PBXFileReference section */
		CE2B80212049C5CA003AD91B /* simulacionApp.app */ = {isa = PBXFileReference; explicitFileType = wrapper.application; includeInIndex = 0; path = simulacionApp.app; sourceTree = BUILT_PRODUCTS_DIR; };
		CE2B80242049C5CA003AD91B /* AppDelegate.swift */ = {isa = PBXFileReference; lastKnownFileType = sourcecode.swift; path = AppDelegate.swift; sourceTree = "<group>"; };
		CE2B80262049C5CA003AD91B /* ViewController.swift */ = {isa = PBXFileReference; lastKnownFileType = sourcecode.swift; path = ViewController.swift; sourceTree = "<group>"; };
		CE2B80292049C5CA003AD91B /* Base */ = {isa = PBXFileReference; lastKnownFileType = file.storyboard; name = Base; path = Base.lproj/Main.storyboard; sourceTree = "<group>"; };
		CE2B802C2049C5CA003AD91B /* simulacionApp.xcdatamodel */ = {isa = PBXFileReference; lastKnownFileType = wrapper.xcdatamodel; path = simulacionApp.xcdatamodel; sourceTree = "<group>"; };
		CE2B802E2049C5CA003AD91B /* Assets.xcassets */ = {isa = PBXFileReference; lastKnownFileType = folder.assetcatalog; path = Assets.xcassets; sourceTree = "<group>"; };
		CE2B80312049C5CA003AD91B /* Base */ = {isa = PBXFileReference; lastKnownFileType = file.storyboard; name = Base; path = Base.lproj/LaunchScreen.storyboard; sourceTree = "<group>"; };
		CE2B80332049C5CA003AD91B /* Info.plist */ = {isa = PBXFileReference; lastKnownFileType = text.plist.xml; path = Info.plist; sourceTree = "<group>"; };
		CE2B80382049C5CB003AD91B /* simulacionAppTests.xctest */ = {isa = PBXFileReference; explicitFileType = wrapper.cfbundle; includeInIndex = 0; path = simulacionAppTests.xctest; sourceTree = BUILT_PRODUCTS_DIR; };
		CE2B803C2049C5CB003AD91B /* simulacionAppTests.swift */ = {isa = PBXFileReference; lastKnownFileType = sourcecode.swift; path = simulacionAppTests.swift; sourceTree = "<group>"; };
		CE2B803E2049C5CB003AD91B /* Info.plist */ = {isa = PBXFileReference; lastKnownFileType = text.plist.xml; path = Info.plist; sourceTree = "<group>"; };
		CE2B80432049C5CB003AD91B /* simulacionAppUITests.xctest */ = {isa = PBXFileReference; explicitFileType = wrapper.cfbundle; includeInIndex = 0; path = simulacionAppUITests.xctest; sourceTree = BUILT_PRODUCTS_DIR; };
		CE2B80472049C5CB003AD91B /* simulacionAppUITests.swift */ = {isa = PBXFileReference; lastKnownFileType = sourcecode.swift; path = simulacionAppUITests.swift; sourceTree = "<group>"; };
		CE2B80492049C5CB003AD91B /* Info.plist */ = {isa = PBXFileReference; lastKnownFileType = text.plist.xml; path = Info.plist; sourceTree = "<group>"; };
		CE2B80572049C75A003AD91B /* UserList.plist */ = {isa = PBXFileReference; lastKnownFileType = text.plist.xml; path = UserList.plist; sourceTree = "<group>"; };
		CE2B80592049C850003AD91B /* Usuarios+CoreDataClass.swift */ = {isa = PBXFileReference; lastKnownFileType = sourcecode.swift; path = "Usuarios+CoreDataClass.swift"; sourceTree = "<group>"; };
		CE2B805A2049C850003AD91B /* Usuarios+CoreDataProperties.swift */ = {isa = PBXFileReference; lastKnownFileType = sourcecode.swift; path = "Usuarios+CoreDataProperties.swift"; sourceTree = "<group>"; };
		CE5921822050781100CAF5D6 /* Comida+CoreDataClass.swift */ = {isa = PBXFileReference; lastKnownFileType = sourcecode.swift; path = "Comida+CoreDataClass.swift"; sourceTree = "<group>"; };
		CE5921832050781100CAF5D6 /* Comida+CoreDataProperties.swift */ = {isa = PBXFileReference; lastKnownFileType = sourcecode.swift; path = "Comida+CoreDataProperties.swift"; sourceTree = "<group>"; };
		CE5921842050781100CAF5D6 /* TipoComida+CoreDataClass.swift */ = {isa = PBXFileReference; lastKnownFileType = sourcecode.swift; path = "TipoComida+CoreDataClass.swift"; sourceTree = "<group>"; };
		CE5921852050781100CAF5D6 /* TipoComida+CoreDataProperties.swift */ = {isa = PBXFileReference; lastKnownFileType = sourcecode.swift; path = "TipoComida+CoreDataProperties.swift"; sourceTree = "<group>"; };
		CE59218A20507A0F00CAF5D6 /* ViewController2.swift */ = {isa = PBXFileReference; lastKnownFileType = sourcecode.swift; path = ViewController2.swift; sourceTree = "<group>"; };
		CECD04D0205C36DE000DE450 /* ListaTipos.swift */ = {isa = PBXFileReference; lastKnownFileType = sourcecode.swift; path = ListaTipos.swift; sourceTree = "<group>"; };
		CEE942E3205C454500B551F7 /* CellTipo.swift */ = {isa = PBXFileReference; lastKnownFileType = sourcecode.swift; path = CellTipo.swift; sourceTree = "<group>"; };
/* End PBXFileReference section */

/* Begin PBXFrameworksBuildPhase section */
		CE2B801E2049C5CA003AD91B /* Frameworks */ = {
			isa = PBXFrameworksBuildPhase;
			buildActionMask = 2147483647;
			files = (
			);
			runOnlyForDeploymentPostprocessing = 0;
		};
		CE2B80352049C5CB003AD91B /* Frameworks */ = {
			isa = PBXFrameworksBuildPhase;
			buildActionMask = 2147483647;
			files = (
			);
			runOnlyForDeploymentPostprocessing = 0;
		};
		CE2B80402049C5CB003AD91B /* Frameworks */ = {
			isa = PBXFrameworksBuildPhase;
			buildActionMask = 2147483647;
			files = (
			);
			runOnlyForDeploymentPostprocessing = 0;
		};
/* End PBXFrameworksBuildPhase section */

/* Begin PBXGroup section */
		CE2B80182049C5CA003AD91B = {
			isa = PBXGroup;
			children = (
				CEE942E3205C454500B551F7 /* CellTipo.swift */,
				CE5921822050781100CAF5D6 /* Comida+CoreDataClass.swift */,
				CE5921832050781100CAF5D6 /* Comida+CoreDataProperties.swift */,
				CE5921842050781100CAF5D6 /* TipoComida+CoreDataClass.swift */,
				CE5921852050781100CAF5D6 /* TipoComida+CoreDataProperties.swift */,
				CE2B80592049C850003AD91B /* Usuarios+CoreDataClass.swift */,
				CE2B805A2049C850003AD91B /* Usuarios+CoreDataProperties.swift */,
				CE2B80232049C5CA003AD91B /* simulacionApp */,
				CE2B803B2049C5CB003AD91B /* simulacionAppTests */,
				CE2B80462049C5CB003AD91B /* simulacionAppUITests */,
				CE2B80222049C5CA003AD91B /* Products */,
			);
			sourceTree = "<group>";
		};
		CE2B80222049C5CA003AD91B /* Products */ = {
			isa = PBXGroup;
			children = (
				CE2B80212049C5CA003AD91B /* simulacionApp.app */,
				CE2B80382049C5CB003AD91B /* simulacionAppTests.xctest */,
				CE2B80432049C5CB003AD91B /* simulacionAppUITests.xctest */,
			);
			name = Products;
			sourceTree = "<group>";
		};
		CE2B80232049C5CA003AD91B /* simulacionApp */ = {
			isa = PBXGroup;
			children = (
				CE2B80242049C5CA003AD91B /* AppDelegate.swift */,
				CE2B80262049C5CA003AD91B /* ViewController.swift */,
				CE2B80282049C5CA003AD91B /* Main.storyboard */,
				CE59218A20507A0F00CAF5D6 /* ViewController2.swift */,
				CE2B802E2049C5CA003AD91B /* Assets.xcassets */,
				CE2B80302049C5CA003AD91B /* LaunchScreen.storyboard */,
				CE2B80332049C5CA003AD91B /* Info.plist */,
				CE2B80572049C75A003AD91B /* UserList.plist */,
				CE2B802B2049C5CA003AD91B /* simulacionApp.xcdatamodeld */,
				CECD04D0205C36DE000DE450 /* ListaTipos.swift */,
			);
			path = simulacionApp;
			sourceTree = "<group>";
		};
		CE2B803B2049C5CB003AD91B /* simulacionAppTests */ = {
			isa = PBXGroup;
			children = (
				CE2B803C2049C5CB003AD91B /* simulacionAppTests.swift */,
				CE2B803E2049C5CB003AD91B /* Info.plist */,
			);
			path = simulacionAppTests;
			sourceTree = "<group>";
		};
		CE2B80462049C5CB003AD91B /* simulacionAppUITests */ = {
			isa = PBXGroup;
			children = (
				CE2B80472049C5CB003AD91B /* simulacionAppUITests.swift */,
				CE2B80492049C5CB003AD91B /* Info.plist */,
			);
			path = simulacionAppUITests;
			sourceTree = "<group>";
		};
/* End PBXGroup section */

/* Begin PBXNativeTarget section */
		CE2B80202049C5CA003AD91B /* simulacionApp */ = {
			isa = PBXNativeTarget;
			buildConfigurationList = CE2B804C2049C5CB003AD91B /* Build configuration list for PBXNativeTarget "simulacionApp" */;
			buildPhases = (
				CE2B801D2049C5CA003AD91B /* Sources */,
				CE2B801E2049C5CA003AD91B /* Frameworks */,
				CE2B801F2049C5CA003AD91B /* Resources */,
			);
			buildRules = (
			);
			dependencies = (
			);
			name = simulacionApp;
			productName = simulacionApp;
			productReference = CE2B80212049C5CA003AD91B /* simulacionApp.app */;
			productType = "com.apple.product-type.application";
		};
		CE2B80372049C5CB003AD91B /* simulacionAppTests */ = {
			isa = PBXNativeTarget;
			buildConfigurationList = CE2B804F2049C5CB003AD91B /* Build configuration list for PBXNativeTarget "simulacionAppTests" */;
			buildPhases = (
				CE2B80342049C5CB003AD91B /* Sources */,
				CE2B80352049C5CB003AD91B /* Frameworks */,
				CE2B80362049C5CB003AD91B /* Resources */,
			);
			buildRules = (
			);
			dependencies = (
				CE2B803A2049C5CB003AD91B /* PBXTargetDependency */,
			);
			name = simulacionAppTests;
			productName = simulacionAppTests;
			productReference = CE2B80382049C5CB003AD91B /* simulacionAppTests.xctest */;
			productType = "com.apple.product-type.bundle.unit-test";
		};
		CE2B80422049C5CB003AD91B /* simulacionAppUITests */ = {
			isa = PBXNativeTarget;
			buildConfigurationList = CE2B80522049C5CB003AD91B /* Build configuration list for PBXNativeTarget "simulacionAppUITests" */;
			buildPhases = (
				CE2B803F2049C5CB003AD91B /* Sources */,
				CE2B80402049C5CB003AD91B /* Frameworks */,
				CE2B80412049C5CB003AD91B /* Resources */,
			);
			buildRules = (
			);
			dependencies = (
				CE2B80452049C5CB003AD91B /* PBXTargetDependency */,
			);
			name = simulacionAppUITests;
			productName = simulacionAppUITests;
			productReference = CE2B80432049C5CB003AD91B /* simulacionAppUITests.xctest */;
			productType = "com.apple.product-type.bundle.ui-testing";
		};
/* End PBXNativeTarget section */

/* Begin PBXProject section */
		CE2B80192049C5CA003AD91B /* Project object */ = {
			isa = PBXProject;
			attributes = {
				LastSwiftUpdateCheck = 0920;
				LastUpgradeCheck = 0920;
				ORGANIZATIONNAME = "Tania Ramon";
				TargetAttributes = {
					CE2B80202049C5CA003AD91B = {
						CreatedOnToolsVersion = 9.2;
						ProvisioningStyle = Automatic;
					};
					CE2B80372049C5CB003AD91B = {
						CreatedOnToolsVersion = 9.2;
						ProvisioningStyle = Automatic;
						TestTargetID = CE2B80202049C5CA003AD91B;
					};
					CE2B80422049C5CB003AD91B = {
						CreatedOnToolsVersion = 9.2;
						ProvisioningStyle = Automatic;
						TestTargetID = CE2B80202049C5CA003AD91B;
					};
				};
			};
			buildConfigurationList = CE2B801C2049C5CA003AD91B /* Build configuration list for PBXProject "simulacionApp" */;
			compatibilityVersion = "Xcode 8.0";
			developmentRegion = en;
			hasScannedForEncodings = 0;
			knownRegions = (
				en,
				Base,
			);
			mainGroup = CE2B80182049C5CA003AD91B;
			productRefGroup = CE2B80222049C5CA003AD91B /* Products */;
			projectDirPath = "";
			projectRoot = "";
			targets = (
				CE2B80202049C5CA003AD91B /* simulacionApp */,
				CE2B80372049C5CB003AD91B /* simulacionAppTests */,
				CE2B80422049C5CB003AD91B /* simulacionAppUITests */,
			);
		};
/* End PBXProject section */

/* Begin PBXResourcesBuildPhase section */
		CE2B801F2049C5CA003AD91B /* Resources */ = {
			isa = PBXResourcesBuildPhase;
			buildActionMask = 2147483647;
			files = (
				CE2B80322049C5CA003AD91B /* LaunchScreen.storyboard in Resources */,
				CE2B802F2049C5CA003AD91B /* Assets.xcassets in Resources */,
				CE2B802A2049C5CA003AD91B /* Main.storyboard in Resources */,
				CE2B80582049C75A003AD91B /* UserList.plist in Resources */,
			);
			runOnlyForDeploymentPostprocessing = 0;
		};
		CE2B80362049C5CB003AD91B /* Resources */ = {
			isa = PBXResourcesBuildPhase;
			buildActionMask = 2147483647;
			files = (
			);
			runOnlyForDeploymentPostprocessing = 0;
		};
		CE2B80412049C5CB003AD91B /* Resources */ = {
			isa = PBXResourcesBuildPhase;
			buildActionMask = 2147483647;
			files = (
			);
			runOnlyForDeploymentPostprocessing = 0;
		};
/* End PBXResourcesBuildPhase section */

/* Begin PBXSourcesBuildPhase section */
		CE2B801D2049C5CA003AD91B /* Sources */ = {
			isa = PBXSourcesBuildPhase;
			buildActionMask = 2147483647;
			files = (
				CE5921862050781100CAF5D6 /* Comida+CoreDataClass.swift in Sources */,
				CEE942E4205C454500B551F7 /* CellTipo.swift in Sources */,
				CE2B802D2049C5CA003AD91B /* simulacionApp.xcdatamodeld in Sources */,
				CE5921872050781100CAF5D6 /* Comida+CoreDataProperties.swift in Sources */,
				CECD04D1205C36DE000DE450 /* ListaTipos.swift in Sources */,
				CE2B80272049C5CA003AD91B /* ViewController.swift in Sources */,
				CE2B805B2049C850003AD91B /* Usuarios+CoreDataClass.swift in Sources */,
				CE59218B20507A0F00CAF5D6 /* ViewController2.swift in Sources */,
				CE2B805C2049C850003AD91B /* Usuarios+CoreDataProperties.swift in Sources */,
				CE5921892050781100CAF5D6 /* TipoComida+CoreDataProperties.swift in Sources */,
				CE5921882050781100CAF5D6 /* TipoComida+CoreDataClass.swift in Sources */,
				CE2B80252049C5CA003AD91B /* AppDelegate.swift in Sources */,
			);
			runOnlyForDeploymentPostprocessing = 0;
		};
		CE2B80342049C5CB003AD91B /* Sources */ = {
			isa = PBXSourcesBuildPhase;
			buildActionMask = 2147483647;
			files = (
				CE2B803D2049C5CB003AD91B /* simulacionAppTests.swift in Sources */,
			);
			runOnlyForDeploymentPostprocessing = 0;
		};
		CE2B803F2049C5CB003AD91B /* Sources */ = {
			isa = PBXSourcesBuildPhase;
			buildActionMask = 2147483647;
			files = (
				CE2B80482049C5CB003AD91B /* simulacionAppUITests.swift in Sources */,
			);
			runOnlyForDeploymentPostprocessing = 0;
		};
/* End PBXSourcesBuildPhase section */

/* Begin PBXTargetDependency section */
		CE2B803A2049C5CB003AD91B /* PBXTargetDependency */ = {
			isa = PBXTargetDependency;
			target = CE2B80202049C5CA003AD91B /* simulacionApp */;
			targetProxy = CE2B80392049C5CB003AD91B /* PBXContainerItemProxy */;
		};
		CE2B80452049C5CB003AD91B /* PBXTargetDependency */ = {
			isa = PBXTargetDependency;
			target = CE2B80202049C5CA003AD91B /* simulacionApp */;
			targetProxy = CE2B80442049C5CB003AD91B /* PBXContainerItemProxy */;
		};
/* End PBXTargetDependency section */

/* Begin PBXVariantGroup section */
		CE2B80282049C5CA003AD91B /* Main.storyboard */ = {
			isa = PBXVariantGroup;
			children = (
				CE2B80292049C5CA003AD91B /* Base */,
			);
			name = Main.storyboard;
			sourceTree = "<group>";
		};
		CE2B80302049C5CA003AD91B /* LaunchScreen.storyboard */ = {
			isa = PBXVariantGroup;
			children = (
				CE2B80312049C5CA003AD91B /* Base */,
			);
			name = LaunchScreen.storyboard;
			sourceTree = "<group>";
		};
/* End PBXVariantGroup section */

/* Begin XCBuildConfiguration section */
		CE2B804A2049C5CB003AD91B /* Debug */ = {
			isa = XCBuildConfiguration;
			buildSettings = {
				ALWAYS_SEARCH_USER_PATHS = NO;
				CLANG_ANALYZER_NONNULL = YES;
				CLANG_ANALYZER_NUMBER_OBJECT_CONVERSION = YES_AGGRESSIVE;
				CLANG_CXX_LANGUAGE_STANDARD = "gnu++14";
				CLANG_CXX_LIBRARY = "libc++";
				CLANG_ENABLE_MODULES = YES;
				CLANG_ENABLE_OBJC_ARC = YES;
				CLANG_WARN_BLOCK_CAPTURE_AUTORELEASING = YES;
				CLANG_WARN_BOOL_CONVERSION = YES;
				CLANG_WARN_COMMA = YES;
				CLANG_WARN_CONSTANT_CONVERSION = YES;
				CLANG_WARN_DIRECT_OBJC_ISA_USAGE = YES_ERROR;
				CLANG_WARN_DOCUMENTATION_COMMENTS = YES;
				CLANG_WARN_EMPTY_BODY = YES;
				CLANG_WARN_ENUM_CONVERSION = YES;
				CLANG_WARN_INFINITE_RECURSION = YES;
				CLANG_WARN_INT_CONVERSION = YES;
				CLANG_WARN_NON_LITERAL_NULL_CONVERSION = YES;
				CLANG_WARN_OBJC_LITERAL_CONVERSION = YES;
				CLANG_WARN_OBJC_ROOT_CLASS = YES_ERROR;
				CLANG_WARN_RANGE_LOOP_ANALYSIS = YES;
				CLANG_WARN_STRICT_PROTOTYPES = YES;
				CLANG_WARN_SUSPICIOUS_MOVE = YES;
				CLANG_WARN_UNGUARDED_AVAILABILITY = YES_AGGRESSIVE;
				CLANG_WARN_UNREACHABLE_CODE = YES;
				CLANG_WARN__DUPLICATE_METHOD_MATCH = YES;
				CODE_SIGN_IDENTITY = "iPhone Developer";
				COPY_PHASE_STRIP = NO;
				DEBUG_INFORMATION_FORMAT = dwarf;
				ENABLE_STRICT_OBJC_MSGSEND = YES;
				ENABLE_TESTABILITY = YES;
				GCC_C_LANGUAGE_STANDARD = gnu11;
				GCC_DYNAMIC_NO_PIC = NO;
				GCC_NO_COMMON_BLOCKS = YES;
				GCC_OPTIMIZATION_LEVEL = 0;
				GCC_PREPROCESSOR_DEFINITIONS = (
					"DEBUG=1",
					"$(inherited)",
				);
				GCC_WARN_64_TO_32_BIT_CONVERSION = YES;
				GCC_WARN_ABOUT_RETURN_TYPE = YES_ERROR;
				GCC_WARN_UNDECLARED_SELECTOR = YES;
				GCC_WARN_UNINITIALIZED_AUTOS = YES_AGGRESSIVE;
				GCC_WARN_UNUSED_FUNCTION = YES;
				GCC_WARN_UNUSED_VARIABLE = YES;
				IPHONEOS_DEPLOYMENT_TARGET = 11.2;
				MTL_ENABLE_DEBUG_INFO = YES;
				ONLY_ACTIVE_ARCH = YES;
				SDKROOT = iphoneos;
				SWIFT_ACTIVE_COMPILATION_CONDITIONS = DEBUG;
				SWIFT_OPTIMIZATION_LEVEL = "-Onone";
			};
			name = Debug;
		};
		CE2B804B2049C5CB003AD91B /* Release */ = {
			isa = XCBuildConfiguration;
			buildSettings = {
				ALWAYS_SEARCH_USER_PATHS = NO;
				CLANG_ANALYZER_NONNULL = YES;
				CLANG_ANALYZER_NUMBER_OBJECT_CONVERSION = YES_AGGRESSIVE;
				CLANG_CXX_LANGUAGE_STANDARD = "gnu++14";
				CLANG_CXX_LIBRARY = "libc++";
				CLANG_ENABLE_MODULES = YES;
				CLANG_ENABLE_OBJC_ARC = YES;
				CLANG_WARN_BLOCK_CAPTURE_AUTORELEASING = YES;
				CLANG_WARN_BOOL_CONVERSION = YES;
				CLANG_WARN_COMMA = YES;
				CLANG_WARN_CONSTANT_CONVERSION = YES;
				CLANG_WARN_DIRECT_OBJC_ISA_USAGE = YES_ERROR;
				CLANG_WARN_DOCUMENTATION_COMMENTS = YES;
				CLANG_WARN_EMPTY_BODY = YES;
				CLANG_WARN_ENUM_CONVERSION = YES;
				CLANG_WARN_INFINITE_RECURSION = YES;
				CLANG_WARN_INT_CONVERSION = YES;
				CLANG_WARN_NON_LITERAL_NULL_CONVERSION = YES;
				CLANG_WARN_OBJC_LITERAL_CONVERSION = YES;
				CLANG_WARN_OBJC_ROOT_CLASS = YES_ERROR;
				CLANG_WARN_RANGE_LOOP_ANALYSIS = YES;
				CLANG_WARN_STRICT_PROTOTYPES = YES;
				CLANG_WARN_SUSPICIOUS_MOVE = YES;
				CLANG_WARN_UNGUARDED_AVAILABILITY = YES_AGGRESSIVE;
				CLANG_WARN_UNREACHABLE_CODE = YES;
				CLANG_WARN__DUPLICATE_METHOD_MATCH = YES;
				CODE_SIGN_IDENTITY = "iPhone Developer";
				COPY_PHASE_STRIP = NO;
				DEBUG_INFORMATION_FORMAT = "dwarf-with-dsym";
				ENABLE_NS_ASSERTIONS = NO;
				ENABLE_STRICT_OBJC_MSGSEND = YES;
				GCC_C_LANGUAGE_STANDARD = gnu11;
				GCC_NO_COMMON_BLOCKS = YES;
				GCC_WARN_64_TO_32_BIT_CONVERSION = YES;
				GCC_WARN_ABOUT_RETURN_TYPE = YES_ERROR;
				GCC_WARN_UNDECLARED_SELECTOR = YES;
				GCC_WARN_UNINITIALIZED_AUTOS = YES_AGGRESSIVE;
				GCC_WARN_UNUSED_FUNCTION = YES;
				GCC_WARN_UNUSED_VARIABLE = YES;
				IPHONEOS_DEPLOYMENT_TARGET = 11.2;
				MTL_ENABLE_DEBUG_INFO = NO;
				SDKROOT = iphoneos;
				SWIFT_OPTIMIZATION_LEVEL = "-Owholemodule";
				VALIDATE_PRODUCT = YES;
			};
			name = Release;
		};
		CE2B804D2049C5CB003AD91B /* Debug */ = {
			isa = XCBuildConfiguration;
			buildSettings = {
				ASSETCATALOG_COMPILER_APPICON_NAME = AppIcon;
				CODE_SIGN_STYLE = Automatic;
				DEVELOPMENT_TEAM = 2UVMW4T3BT;
				INFOPLIST_FILE = simulacionApp/Info.plist;
				LD_RUNPATH_SEARCH_PATHS = "$(inherited) @executable_path/Frameworks";
				PRODUCT_BUNDLE_IDENTIFIER = tania.simulacionApp;
				PRODUCT_NAME = "$(TARGET_NAME)";
				SWIFT_VERSION = 4.0;
				TARGETED_DEVICE_FAMILY = "1,2";
			};
			name = Debug;
		};
		CE2B804E2049C5CB003AD91B /* Release */ = {
			isa = XCBuildConfiguration;
			buildSettings = {
				ASSETCATALOG_COMPILER_APPICON_NAME = AppIcon;
				CODE_SIGN_STYLE = Automatic;
				DEVELOPMENT_TEAM = 2UVMW4T3BT;
				INFOPLIST_FILE = simulacionApp/Info.plist;
				LD_RUNPATH_SEARCH_PATHS = "$(inherited) @executable_path/Frameworks";
				PRODUCT_BUNDLE_IDENTIFIER = tania.simulacionApp;
				PRODUCT_NAME = "$(TARGET_NAME)";
				SWIFT_VERSION = 4.0;
				TARGETED_DEVICE_FAMILY = "1,2";
			};
			name = Release;
		};
		CE2B80502049C5CB003AD91B /* Debug */ = {
			isa = XCBuildConfiguration;
			buildSettings = {
				ALWAYS_EMBED_SWIFT_STANDARD_LIBRARIES = YES;
				BUNDLE_LOADER = "$(TEST_HOST)";
				CODE_SIGN_STYLE = Automatic;
				DEVELOPMENT_TEAM = 2UVMW4T3BT;
				INFOPLIST_FILE = simulacionAppTests/Info.plist;
				LD_RUNPATH_SEARCH_PATHS = "$(inherited) @executable_path/Frameworks @loader_path/Frameworks";
				PRODUCT_BUNDLE_IDENTIFIER = tania.simulacionAppTests;
				PRODUCT_NAME = "$(TARGET_NAME)";
				SWIFT_VERSION = 4.0;
				TARGETED_DEVICE_FAMILY = "1,2";
				TEST_HOST = "$(BUILT_PRODUCTS_DIR)/simulacionApp.app/simulacionApp";
			};
			name = Debug;
		};
		CE2B80512049C5CB003AD91B /* Release */ = {
			isa = XCBuildConfiguration;
			buildSettings = {
				ALWAYS_EMBED_SWIFT_STANDARD_LIBRARIES = YES;
				BUNDLE_LOADER = "$(TEST_HOST)";
				CODE_SIGN_STYLE = Automatic;
				DEVELOPMENT_TEAM = 2UVMW4T3BT;
				INFOPLIST_FILE = simulacionAppTests/Info.plist;
				LD_RUNPATH_SEARCH_PATHS = "$(inherited) @executable_path/Frameworks @loader_path/Frameworks";
				PRODUCT_BUNDLE_IDENTIFIER = tania.simulacionAppTests;
				PRODUCT_NAME = "$(TARGET_NAME)";
				SWIFT_VERSION = 4.0;
				TARGETED_DEVICE_FAMILY = "1,2";
				TEST_HOST = "$(BUILT_PRODUCTS_DIR)/simulacionApp.app/simulacionApp";
			};
			name = Release;
		};
		CE2B80532049C5CB003AD91B /* Debug */ = {
			isa = XCBuildConfiguration;
			buildSettings = {
				ALWAYS_EMBED_SWIFT_STANDARD_LIBRARIES = YES;
				CODE_SIGN_STYLE = Automatic;
				DEVELOPMENT_TEAM = 2UVMW4T3BT;
				INFOPLIST_FILE = simulacionAppUITests/Info.plist;
				LD_RUNPATH_SEARCH_PATHS = "$(inherited) @executable_path/Frameworks @loader_path/Frameworks";
				PRODUCT_BUNDLE_IDENTIFIER = tania.simulacionAppUITests;
				PRODUCT_NAME = "$(TARGET_NAME)";
				SWIFT_VERSION = 4.0;
				TARGETED_DEVICE_FAMILY = "1,2";
				TEST_TARGET_NAME = simulacionApp;
			};
			name = Debug;
		};
		CE2B80542049C5CB003AD91B /* Release */ = {
			isa = XCBuildConfiguration;
			buildSettings = {
				ALWAYS_EMBED_SWIFT_STANDARD_LIBRARIES = YES;
				CODE_SIGN_STYLE = Automatic;
				DEVELOPMENT_TEAM = 2UVMW4T3BT;
				INFOPLIST_FILE = simulacionAppUITests/Info.plist;
				LD_RUNPATH_SEARCH_PATHS = "$(inherited) @executable_path/Frameworks @loader_path/Frameworks";
				PRODUCT_BUNDLE_IDENTIFIER = tania.simulacionAppUITests;
				PRODUCT_NAME = "$(TARGET_NAME)";
				SWIFT_VERSION = 4.0;
				TARGETED_DEVICE_FAMILY = "1,2";
				TEST_TARGET_NAME = simulacionApp;
			};
			name = Release;
		};
/* End XCBuildConfiguration section */

/* Begin XCConfigurationList section */
		CE2B801C2049C5CA003AD91B /* Build configuration list for PBXProject "simulacionApp" */ = {
			isa = XCConfigurationList;
			buildConfigurations = (
				CE2B804A2049C5CB003AD91B /* Debug */,
				CE2B804B2049C5CB003AD91B /* Release */,
			);
			defaultConfigurationIsVisible = 0;
			defaultConfigurationName = Release;
		};
		CE2B804C2049C5CB003AD91B /* Build configuration list for PBXNativeTarget "simulacionApp" */ = {
			isa = XCConfigurationList;
			buildConfigurations = (
				CE2B804D2049C5CB003AD91B /* Debug */,
				CE2B804E2049C5CB003AD91B /* Release */,
			);
			defaultConfigurationIsVisible = 0;
			defaultConfigurationName = Release;
		};
		CE2B804F2049C5CB003AD91B /* Build configuration list for PBXNativeTarget "simulacionAppTests" */ = {
			isa = XCConfigurationList;
			buildConfigurations = (
				CE2B80502049C5CB003AD91B /* Debug */,
				CE2B80512049C5CB003AD91B /* Release */,
			);
			defaultConfigurationIsVisible = 0;
			defaultConfigurationName = Release;
		};
		CE2B80522049C5CB003AD91B /* Build configuration list for PBXNativeTarget "simulacionAppUITests" */ = {
			isa = XCConfigurationList;
			buildConfigurations = (
				CE2B80532049C5CB003AD91B /* Debug */,
				CE2B80542049C5CB003AD91B /* Release */,
			);
			defaultConfigurationIsVisible = 0;
			defaultConfigurationName = Release;
		};
/* End XCConfigurationList section */

/* Begin XCVersionGroup section */
		CE2B802B2049C5CA003AD91B /* simulacionApp.xcdatamodeld */ = {
			isa = XCVersionGroup;
			children = (
				CE2B802C2049C5CA003AD91B /* simulacionApp.xcdatamodel */,
			);
			currentVersion = CE2B802C2049C5CA003AD91B /* simulacionApp.xcdatamodel */;
			path = simulacionApp.xcdatamodeld;
			sourceTree = "<group>";
			versionGroupType = wrapper.xcdatamodel;
		};
/* End XCVersionGroup section */
	};
	rootObject = CE2B80192049C5CA003AD91B /* Project object */;
}
